
Microsoft Visual Studio Solution File, Format Version 12.00
# Visual Studio 15
VisualStudioVersion = 15.0.28307.572
MinimumVisualStudioVersion = 10.0.40219.1
Project("{9A19103F-16F7-4668-BE54-9A1E7A4F7556}") = "SpriteFontPlus", "SpriteFontPlus.csproj", "{3BE41C21-74A9-49AB-A6B8-8E31D6D66625}"
EndProject
Global
	GlobalSection(SolutionConfigurationPlatforms) = preSolution
		Debug|Any CPU = Debug|Any CPU
		Release|Any CPU = Release|Any CPU
	EndGlobalSection
	GlobalSection(ProjectConfigurationPlatforms) = postSolution
		{3BE41C21-74A9-49AB-A6B8-8E31D6D66625}.Debug|Any CPU.ActiveCfg = Debug|Any CPU
		{3BE41C21-74A9-49AB-A6B8-8E31D6D66625}.Debug|Any CPU.Build.0 = Debug|Any CPU
		{3BE41C21-74A9-49AB-A6B8-8E31D6D66625}.Release|Any CPU.ActiveCfg = Release|Any CPU
		{3BE41C21-74A9-49AB-A6B8-8E31D6D66625}.Release|Any CPU.Build.0 = Release|Any CPU
	EndGlobalSection
	GlobalSection(SolutionProperties) = preSolution
		HideSolutionNode = FALSE
	EndGlobalSection
	GlobalSection(ExtensibilityGlobals) = postSolution
		SolutionGuid = {027CE9BF-F0A2-4CA6-81C3-DDA8AB606987}
	EndGlobalSection
EndGlobal
