
Microsoft Visual Studio Solution File, Format Version 12.00
# Visual Studio 15
VisualStudioVersion = 15.0.28307.572
MinimumVisualStudioVersion = 10.0.40219.1
Project("{FAE04EC0-301F-11D3-BF4B-00C04F79EFBC}") = "SpriteFontPlus", "SpriteFontPlus.csproj", "{ACF4E8E5-4776-4160-89A0-591DDED16E2E}"
	ProjectSection(ProjectDependencies) = postProject
		{73E4A37A-4DAD-4DBD-84FD-D7E9A47F01FC} = {73E4A37A-4DAD-4DBD-84FD-D7E9A47F01FC}
	EndProjectSection
EndProject
Project("{8BC9CEB8-8B4A-11D0-8D11-00A0C91BC942}") = "StbTrueType", "..\StbTrueType\StbTrueType.vcxproj", "{73E4A37A-4DAD-4DBD-84FD-D7E9A47F01FC}"
EndProject
Global
	GlobalSection(SolutionConfigurationPlatforms) = preSolution
		Debug|Any CPU = Debug|Any CPU
		Debug|x64 = Debug|x64
		Debug|x86 = Debug|x86
		FNA-Debug|Any CPU = FNA-Debug|Any CPU
		FNA-Debug|x64 = FNA-Debug|x64
		FNA-Debug|x86 = FNA-Debug|x86
		FNA-Release|Any CPU = FNA-Release|Any CPU
		FNA-Release|x64 = FNA-Release|x64
		FNA-Release|x86 = FNA-Release|x86
		Release|Any CPU = Release|Any CPU
		Release|x64 = Release|x64
		Release|x86 = Release|x86
	EndGlobalSection
	GlobalSection(ProjectConfigurationPlatforms) = postSolution
		{ACF4E8E5-4776-4160-89A0-591DDED16E2E}.Debug|Any CPU.ActiveCfg = Debug|Any CPU
		{ACF4E8E5-4776-4160-89A0-591DDED16E2E}.Debug|Any CPU.Build.0 = Debug|Any CPU
		{ACF4E8E5-4776-4160-89A0-591DDED16E2E}.Debug|x64.ActiveCfg = Debug|Any CPU
		{ACF4E8E5-4776-4160-89A0-591DDED16E2E}.Debug|x64.Build.0 = Debug|Any CPU
		{ACF4E8E5-4776-4160-89A0-591DDED16E2E}.Debug|x86.ActiveCfg = Debug|x86
		{ACF4E8E5-4776-4160-89A0-591DDED16E2E}.Debug|x86.Build.0 = Debug|x86
		{ACF4E8E5-4776-4160-89A0-591DDED16E2E}.FNA-Debug|Any CPU.ActiveCfg = FNA-Debug|Any CPU
		{ACF4E8E5-4776-4160-89A0-591DDED16E2E}.FNA-Debug|Any CPU.Build.0 = FNA-Debug|Any CPU
		{ACF4E8E5-4776-4160-89A0-591DDED16E2E}.FNA-Debug|x64.ActiveCfg = Debug|Any CPU
		{ACF4E8E5-4776-4160-89A0-591DDED16E2E}.FNA-Debug|x64.Build.0 = Debug|Any CPU
		{ACF4E8E5-4776-4160-89A0-591DDED16E2E}.FNA-Debug|x86.ActiveCfg = FNA-Debug|Any CPU
		{ACF4E8E5-4776-4160-89A0-591DDED16E2E}.FNA-Debug|x86.Build.0 = FNA-Debug|Any CPU
		{ACF4E8E5-4776-4160-89A0-591DDED16E2E}.FNA-Release|Any CPU.ActiveCfg = Release|Any CPU
		{ACF4E8E5-4776-4160-89A0-591DDED16E2E}.FNA-Release|Any CPU.Build.0 = Release|Any CPU
		{ACF4E8E5-4776-4160-89A0-591DDED16E2E}.FNA-Release|x64.ActiveCfg = Release|Any CPU
		{ACF4E8E5-4776-4160-89A0-591DDED16E2E}.FNA-Release|x64.Build.0 = Release|Any CPU
		{ACF4E8E5-4776-4160-89A0-591DDED16E2E}.FNA-Release|x86.ActiveCfg = FNA-Release|Any CPU
		{ACF4E8E5-4776-4160-89A0-591DDED16E2E}.FNA-Release|x86.Build.0 = FNA-Release|Any CPU
		{ACF4E8E5-4776-4160-89A0-591DDED16E2E}.Release|Any CPU.ActiveCfg = Release|Any CPU
		{ACF4E8E5-4776-4160-89A0-591DDED16E2E}.Release|Any CPU.Build.0 = Release|Any CPU
		{ACF4E8E5-4776-4160-89A0-591DDED16E2E}.Release|x64.ActiveCfg = Release|Any CPU
		{ACF4E8E5-4776-4160-89A0-591DDED16E2E}.Release|x64.Build.0 = Release|Any CPU
		{ACF4E8E5-4776-4160-89A0-591DDED16E2E}.Release|x86.ActiveCfg = Release|x86
		{ACF4E8E5-4776-4160-89A0-591DDED16E2E}.Release|x86.Build.0 = Release|x86
		{73E4A37A-4DAD-4DBD-84FD-D7E9A47F01FC}.Debug|Any CPU.ActiveCfg = Debug|Win32
		{73E4A37A-4DAD-4DBD-84FD-D7E9A47F01FC}.Debug|x64.ActiveCfg = Debug|x64
		{73E4A37A-4DAD-4DBD-84FD-D7E9A47F01FC}.Debug|x64.Build.0 = Debug|x64
		{73E4A37A-4DAD-4DBD-84FD-D7E9A47F01FC}.Debug|x86.ActiveCfg = Debug|Win32
		{73E4A37A-4DAD-4DBD-84FD-D7E9A47F01FC}.Debug|x86.Build.0 = Debug|Win32
		{73E4A37A-4DAD-4DBD-84FD-D7E9A47F01FC}.FNA-Debug|Any CPU.ActiveCfg = Release|x64
		{73E4A37A-4DAD-4DBD-84FD-D7E9A47F01FC}.FNA-Debug|Any CPU.Build.0 = Release|x64
		{73E4A37A-4DAD-4DBD-84FD-D7E9A47F01FC}.FNA-Debug|x64.ActiveCfg = Debug|x64
		{73E4A37A-4DAD-4DBD-84FD-D7E9A47F01FC}.FNA-Debug|x64.Build.0 = Debug|x64
		{73E4A37A-4DAD-4DBD-84FD-D7E9A47F01FC}.FNA-Debug|x86.ActiveCfg = Debug|Win32
		{73E4A37A-4DAD-4DBD-84FD-D7E9A47F01FC}.FNA-Debug|x86.Build.0 = Debug|Win32
		{73E4A37A-4DAD-4DBD-84FD-D7E9A47F01FC}.FNA-Release|Any CPU.ActiveCfg = Release|x64
		{73E4A37A-4DAD-4DBD-84FD-D7E9A47F01FC}.FNA-Release|Any CPU.Build.0 = Release|x64
		{73E4A37A-4DAD-4DBD-84FD-D7E9A47F01FC}.FNA-Release|x64.ActiveCfg = Release|x64
		{73E4A37A-4DAD-4DBD-84FD-D7E9A47F01FC}.FNA-Release|x64.Build.0 = Release|x64
		{73E4A37A-4DAD-4DBD-84FD-D7E9A47F01FC}.FNA-Release|x86.ActiveCfg = Release|Win32
		{73E4A37A-4DAD-4DBD-84FD-D7E9A47F01FC}.FNA-Release|x86.Build.0 = Release|Win32
		{73E4A37A-4DAD-4DBD-84FD-D7E9A47F01FC}.Release|Any CPU.ActiveCfg = Release|Win32
		{73E4A37A-4DAD-4DBD-84FD-D7E9A47F01FC}.Release|x64.ActiveCfg = Release|x64
		{73E4A37A-4DAD-4DBD-84FD-D7E9A47F01FC}.Release|x64.Build.0 = Release|x64
		{73E4A37A-4DAD-4DBD-84FD-D7E9A47F01FC}.Release|x86.ActiveCfg = Release|Win32
		{73E4A37A-4DAD-4DBD-84FD-D7E9A47F01FC}.Release|x86.Build.0 = Release|Win32
	EndGlobalSection
	GlobalSection(SolutionProperties) = preSolution
		HideSolutionNode = FALSE
	EndGlobalSection
	GlobalSection(ExtensibilityGlobals) = postSolution
		SolutionGuid = {027CE9BF-F0A2-4CA6-81C3-DDA8AB606987}
	EndGlobalSection
EndGlobal
